// !$*UTF8*$!
{
	archiveVersion = 1;
	classes = {
	};
	objectVersion = 55;
	objects = {

/* Begin PBXBuildFile section */
		82650A9627379E4A002179E5 /* TodoList_CapstonApp.swift in Sources */ = {isa = PBXBuildFile; fileRef = 82650A9527379E4A002179E5 /* TodoList_CapstonApp.swift */; };
		82650A9827379E4A002179E5 /* ContentView.swift in Sources */ = {isa = PBXBuildFile; fileRef = 82650A9727379E4A002179E5 /* ContentView.swift */; };
		82650A9A27379E4C002179E5 /* Assets.xcassets in Resources */ = {isa = PBXBuildFile; fileRef = 82650A9927379E4C002179E5 /* Assets.xcassets */; };
		82650A9D27379E4C002179E5 /* Preview Assets.xcassets in Resources */ = {isa = PBXBuildFile; fileRef = 82650A9C27379E4C002179E5 /* Preview Assets.xcassets */; };
		828075252738312000B3D4EB /* listdatabace.xcdatamodeld in Sources */ = {isa = PBXBuildFile; fileRef = 828075232738312000B3D4EB /* listdatabace.xcdatamodeld */; };
		82807527273831E900B3D4EB /* CoredataManger.swift in Sources */ = {isa = PBXBuildFile; fileRef = 82807526273831E900B3D4EB /* CoredataManger.swift */; };
		828075292738354E00B3D4EB /* EdittodoList.swift in Sources */ = {isa = PBXBuildFile; fileRef = 828075282738354E00B3D4EB /* EdittodoList.swift */; };
/* End PBXBuildFile section */

/* Begin PBXFileReference section */
		82650A9227379E4A002179E5 /* TodoList.Capston.app */ = {isa = PBXFileReference; explicitFileType = wrapper.application; includeInIndex = 0; path = TodoList.Capston.app; sourceTree = BUILT_PRODUCTS_DIR; };
		82650A9527379E4A002179E5 /* TodoList_CapstonApp.swift */ = {isa = PBXFileReference; lastKnownFileType = sourcecode.swift; path = TodoList_CapstonApp.swift; sourceTree = "<group>"; };
		82650A9727379E4A002179E5 /* ContentView.swift */ = {isa = PBXFileReference; lastKnownFileType = sourcecode.swift; path = ContentView.swift; sourceTree = "<group>"; };
		82650A9927379E4C002179E5 /* Assets.xcassets */ = {isa = PBXFileReference; lastKnownFileType = folder.assetcatalog; path = Assets.xcassets; sourceTree = "<group>"; };
		82650A9C27379E4C002179E5 /* Preview Assets.xcassets */ = {isa = PBXFileReference; lastKnownFileType = folder.assetcatalog; path = "Preview Assets.xcassets"; sourceTree = "<group>"; };
		828075242738312000B3D4EB /* listdatabace.xcdatamodel */ = {isa = PBXFileReference; lastKnownFileType = wrapper.xcdatamodel; path = listdatabace.xcdatamodel; sourceTree = "<group>"; };
		82807526273831E900B3D4EB /* CoredataManger.swift */ = {isa = PBXFileReference; lastKnownFileType = sourcecode.swift; path = CoredataManger.swift; sourceTree = "<group>"; };
		828075282738354E00B3D4EB /* EdittodoList.swift */ = {isa = PBXFileReference; lastKnownFileType = sourcecode.swift; path = EdittodoList.swift; sourceTree = "<group>"; };
/* End PBXFileReference section */

/* Begin PBXFrameworksBuildPhase section */
		82650A8F27379E4A002179E5 /* Frameworks */ = {
			isa = PBXFrameworksBuildPhase;
			buildActionMask = 2147483647;
			files = (
			);
			runOnlyForDeploymentPostprocessing = 0;
		};
/* End PBXFrameworksBuildPhase section */

/* Begin PBXGroup section */
		82650A8927379E4A002179E5 = {
			isa = PBXGroup;
			children = (
				82650A9427379E4A002179E5 /* TodoList.Capston */,
				82650A9327379E4A002179E5 /* Products */,
			);
			sourceTree = "<group>";
		};
		82650A9327379E4A002179E5 /* Products */ = {
			isa = PBXGroup;
			children = (
				82650A9227379E4A002179E5 /* TodoList.Capston.app */,
			);
			name = Products;
			sourceTree = "<group>";
		};
		82650A9427379E4A002179E5 /* TodoList.Capston */ = {
			isa = PBXGroup;
			children = (
				82650A9527379E4A002179E5 /* TodoList_CapstonApp.swift */,
				82650A9727379E4A002179E5 /* ContentView.swift */,
				828075282738354E00B3D4EB /* EdittodoList.swift */,
				828075232738312000B3D4EB /* listdatabace.xcdatamodeld */,
				82807526273831E900B3D4EB /* CoredataManger.swift */,
				82650A9927379E4C002179E5 /* Assets.xcassets */,
				82650A9B27379E4C002179E5 /* Preview Content */,
			);
			path = TodoList.Capston;
			sourceTree = "<group>";
		};
		82650A9B27379E4C002179E5 /* Preview Content */ = {
			isa = PBXGroup;
			children = (
				82650A9C27379E4C002179E5 /* Preview Assets.xcassets */,
			);
			path = "Preview Content";
			sourceTree = "<group>";
		};
/* End PBXGroup section */

/* Begin PBXNativeTarget section */
		82650A9127379E4A002179E5 /* TodoList.Capston */ = {
			isa = PBXNativeTarget;
			buildConfigurationList = 82650AA027379E4C002179E5 /* Build configuration list for PBXNativeTarget "TodoList.Capston" */;
			buildPhases = (
				82650A8E27379E4A002179E5 /* Sources */,
				82650A8F27379E4A002179E5 /* Frameworks */,
				82650A9027379E4A002179E5 /* Resources */,
			);
			buildRules = (
			);
			dependencies = (
			);
			name = TodoList.Capston;
			productName = TodoList.Capston;
			productReference = 82650A9227379E4A002179E5 /* TodoList.Capston.app */;
			productType = "com.apple.product-type.application";
		};
/* End PBXNativeTarget section */

/* Begin PBXProject section */
		82650A8A27379E4A002179E5 /* Project object */ = {
			isa = PBXProject;
			attributes = {
				BuildIndependentTargetsInParallel = 1;
				LastSwiftUpdateCheck = 1310;
				LastUpgradeCheck = 1310;
				TargetAttributes = {
					82650A9127379E4A002179E5 = {
						CreatedOnToolsVersion = 13.1;
					};
				};
			};
			buildConfigurationList = 82650A8D27379E4A002179E5 /* Build configuration list for PBXProject "TodoList.Capston" */;
			compatibilityVersion = "Xcode 13.0";
			developmentRegion = en;
			hasScannedForEncodings = 0;
			knownRegions = (
				en,
				Base,
			);
			mainGroup = 82650A8927379E4A002179E5;
			productRefGroup = 82650A9327379E4A002179E5 /* Products */;
			projectDirPath = "";
			projectRoot = "";
			targets = (
				82650A9127379E4A002179E5 /* TodoList.Capston */,
			);
		};
/* End PBXProject section */

/* Begin PBXResourcesBuildPhase section */
		82650A9027379E4A002179E5 /* Resources */ = {
			isa = PBXResourcesBuildPhase;
			buildActionMask = 2147483647;
			files = (
				82650A9D27379E4C002179E5 /* Preview Assets.xcassets in Resources */,
				82650A9A27379E4C002179E5 /* Assets.xcassets in Resources */,
			);
			runOnlyForDeploymentPostprocessing = 0;
		};
/* End PBXResourcesBuildPhase section */

/* Begin PBXSourcesBuildPhase section */
		82650A8E27379E4A002179E5 /* Sources */ = {
			isa = PBXSourcesBuildPhase;
			buildActionMask = 2147483647;
			files = (
				82807527273831E900B3D4EB /* CoredataManger.swift in Sources */,
				828075252738312000B3D4EB /* listdatabace.xcdatamodeld in Sources */,
				82650A9827379E4A002179E5 /* ContentView.swift in Sources */,
				828075292738354E00B3D4EB /* EdittodoList.swift in Sources */,
				82650A9627379E4A002179E5 /* TodoList_CapstonApp.swift in Sources */,
			);
			runOnlyForDeploymentPostprocessing = 0;
		};
/* End PBXSourcesBuildPhase section */

/* Begin XCBuildConfiguration section */
		82650A9E27379E4C002179E5 /* Debug */ = {
			isa = XCBuildConfiguration;
			buildSettings = {
				ALWAYS_SEARCH_USER_PATHS = NO;
				CLANG_ANALYZER_NONNULL = YES;
				CLANG_ANALYZER_NUMBER_OBJECT_CONVERSION = YES_AGGRESSIVE;
				CLANG_CXX_LANGUAGE_STANDARD = "gnu++17";
				CLANG_CXX_LIBRARY = "libc++";
				CLANG_ENABLE_MODULES = YES;
				CLANG_ENABLE_OBJC_ARC = YES;
				CLANG_ENABLE_OBJC_WEAK = YES;
				CLANG_WARN_BLOCK_CAPTURE_AUTORELEASING = YES;
				CLANG_WARN_BOOL_CONVERSION = YES;
				CLANG_WARN_COMMA = YES;
				CLANG_WARN_CONSTANT_CONVERSION = YES;
				CLANG_WARN_DEPRECATED_OBJC_IMPLEMENTATIONS = YES;
				CLANG_WARN_DIRECT_OBJC_ISA_USAGE = YES_ERROR;
				CLANG_WARN_DOCUMENTATION_COMMENTS = YES;
				CLANG_WARN_EMPTY_BODY = YES;
				CLANG_WARN_ENUM_CONVERSION = YES;
				CLANG_WARN_INFINITE_RECURSION = YES;
				CLANG_WARN_INT_CONVERSION = YES;
				CLANG_WARN_NON_LITERAL_NULL_CONVERSION = YES;
				CLANG_WARN_OBJC_IMPLICIT_RETAIN_SELF = YES;
				CLANG_WARN_OBJC_LITERAL_CONVERSION = YES;
				CLANG_WARN_OBJC_ROOT_CLASS = YES_ERROR;
				CLANG_WARN_QUOTED_INCLUDE_IN_FRAMEWORK_HEADER = YES;
				CLANG_WARN_RANGE_LOOP_ANALYSIS = YES;
				CLANG_WARN_STRICT_PROTOTYPES = YES;
				CLANG_WARN_SUSPICIOUS_MOVE = YES;
				CLANG_WARN_UNGUARDED_AVAILABILITY = YES_AGGRESSIVE;
				CLANG_WARN_UNREACHABLE_CODE = YES;
				CLANG_WARN__DUPLICATE_METHOD_MATCH = YES;
				COPY_PHASE_STRIP = NO;
				DEBUG_INFORMATION_FORMAT = dwarf;
				ENABLE_STRICT_OBJC_MSGSEND = YES;
				ENABLE_TESTABILITY = YES;
				GCC_C_LANGUAGE_STANDARD = gnu11;
				GCC_DYNAMIC_NO_PIC = NO;
				GCC_NO_COMMON_BLOCKS = YES;
				GCC_OPTIMIZATION_LEVEL = 0;
				GCC_PREPROCESSOR_DEFINITIONS = (
					"DEBUG=1",
					"$(inherited)",
				);
				GCC_WARN_64_TO_32_BIT_CONVERSION = YES;
				GCC_WARN_ABOUT_RETURN_TYPE = YES_ERROR;
				GCC_WARN_UNDECLARED_SELECTOR = YES;
				GCC_WARN_UNINITIALIZED_AUTOS = YES_AGGRESSIVE;
				GCC_WARN_UNUSED_FUNCTION = YES;
				GCC_WARN_UNUSED_VARIABLE = YES;
				IPHONEOS_DEPLOYMENT_TARGET = 15.0;
				MTL_ENABLE_DEBUG_INFO = INCLUDE_SOURCE;
				MTL_FAST_MATH = YES;
				ONLY_ACTIVE_ARCH = YES;
				SDKROOT = iphoneos;
				SWIFT_ACTIVE_COMPILATION_CONDITIONS = DEBUG;
				SWIFT_OPTIMIZATION_LEVEL = "-Onone";
			};
			name = Debug;
		};
		82650A9F27379E4C002179E5 /* Release */ = {
			isa = XCBuildConfiguration;
			buildSettings = {
				ALWAYS_SEARCH_USER_PATHS = NO;
				CLANG_ANALYZER_NONNULL = YES;
				CLANG_ANALYZER_NUMBER_OBJECT_CONVERSION = YES_AGGRESSIVE;
				CLANG_CXX_LANGUAGE_STANDARD = "gnu++17";
				CLANG_CXX_LIBRARY = "libc++";
				CLANG_ENABLE_MODULES = YES;
				CLANG_ENABLE_OBJC_ARC = YES;
				CLANG_ENABLE_OBJC_WEAK = YES;
				CLANG_WARN_BLOCK_CAPTURE_AUTORELEASING = YES;
				CLANG_WARN_BOOL_CONVERSION = YES;
				CLANG_WARN_COMMA = YES;
				CLANG_WARN_CONSTANT_CONVERSION = YES;
				CLANG_WARN_DEPRECATED_OBJC_IMPLEMENTATIONS = YES;
				CLANG_WARN_DIRECT_OBJC_ISA_USAGE = YES_ERROR;
				CLANG_WARN_DOCUMENTATION_COMMENTS = YES;
				CLANG_WARN_EMPTY_BODY = YES;
				CLANG_WARN_ENUM_CONVERSION = YES;
				CLANG_WARN_INFINITE_RECURSION = YES;
				CLANG_WARN_INT_CONVERSION = YES;
				CLANG_WARN_NON_LITERAL_NULL_CONVERSION = YES;
				CLANG_WARN_OBJC_IMPLICIT_RETAIN_SELF = YES;
				CLANG_WARN_OBJC_LITERAL_CONVERSION = YES;
				CLANG_WARN_OBJC_ROOT_CLASS = YES_ERROR;
				CLANG_WARN_QUOTED_INCLUDE_IN_FRAMEWORK_HEADER = YES;
				CLANG_WARN_RANGE_LOOP_ANALYSIS = YES;
				CLANG_WARN_STRICT_PROTOTYPES = YES;
				CLANG_WARN_SUSPICIOUS_MOVE = YES;
				CLANG_WARN_UNGUARDED_AVAILABILITY = YES_AGGRESSIVE;
				CLANG_WARN_UNREACHABLE_CODE = YES;
				CLANG_WARN__DUPLICATE_METHOD_MATCH = YES;
				COPY_PHASE_STRIP = NO;
				DEBUG_INFORMATION_FORMAT = "dwarf-with-dsym";
				ENABLE_NS_ASSERTIONS = NO;
				ENABLE_STRICT_OBJC_MSGSEND = YES;
				GCC_C_LANGUAGE_STANDARD = gnu11;
				GCC_NO_COMMON_BLOCKS = YES;
				GCC_WARN_64_TO_32_BIT_CONVERSION = YES;
				GCC_WARN_ABOUT_RETURN_TYPE = YES_ERROR;
				GCC_WARN_UNDECLARED_SELECTOR = YES;
				GCC_WARN_UNINITIALIZED_AUTOS = YES_AGGRESSIVE;
				GCC_WARN_UNUSED_FUNCTION = YES;
				GCC_WARN_UNUSED_VARIABLE = YES;
				IPHONEOS_DEPLOYMENT_TARGET = 15.0;
				MTL_ENABLE_DEBUG_INFO = NO;
				MTL_FAST_MATH = YES;
				SDKROOT = iphoneos;
				SWIFT_COMPILATION_MODE = wholemodule;
				SWIFT_OPTIMIZATION_LEVEL = "-O";
				VALIDATE_PRODUCT = YES;
			};
			name = Release;
		};
		82650AA127379E4C002179E5 /* Debug */ = {
			isa = XCBuildConfiguration;
			buildSettings = {
				ASSETCATALOG_COMPILER_APPICON_NAME = "AppIcon-1";
				ASSETCATALOG_COMPILER_GLOBAL_ACCENT_COLOR_NAME = AccentColor;
				CODE_SIGN_STYLE = Automatic;
				CURRENT_PROJECT_VERSION = 1;
				DEVELOPMENT_ASSET_PATHS = "\"TodoList.Capston/Preview Content\"";
				ENABLE_PREVIEWS = YES;
				GENERATE_INFOPLIST_FILE = YES;
				INFOPLIST_KEY_UIApplicationSceneManifest_Generation = YES;
				INFOPLIST_KEY_UIApplicationSupportsIndirectInputEvents = YES;
				INFOPLIST_KEY_UILaunchScreen_Generation = YES;
				INFOPLIST_KEY_UISupportedInterfaceOrientations_iPad = "UIInterfaceOrientationPortrait UIInterfaceOrientationPortraitUpsideDown UIInterfaceOrientationLandscapeLeft UIInterfaceOrientationLandscapeRight";
				INFOPLIST_KEY_UISupportedInterfaceOrientations_iPhone = "UIInterfaceOrientationPortrait UIInterfaceOrientationLandscapeLeft UIInterfaceOrientationLandscapeRight";
				LD_RUNPATH_SEARCH_PATHS = (
					"$(inherited)",
					"@executable_path/Frameworks",
				);
				MARKETING_VERSION = 1.0;
				PRODUCT_BUNDLE_IDENTIFIER = "-.TodoList-Capston";
				PRODUCT_NAME = "$(TARGET_NAME)";
				SWIFT_EMIT_LOC_STRINGS = YES;
				SWIFT_VERSION = 5.0;
				TARGETED_DEVICE_FAMILY = "1,2";
			};
			name = Debug;
		};
		82650AA227379E4C002179E5 /* Release */ = {
			isa = XCBuildConfiguration;
			buildSettings = {
				ASSETCATALOG_COMPILER_APPICON_NAME = "AppIcon-1";
				ASSETCATALOG_COMPILER_GLOBAL_ACCENT_COLOR_NAME = AccentColor;
				CODE_SIGN_STYLE = Automatic;
				CURRENT_PROJECT_VERSION = 1;
				DEVELOPMENT_ASSET_PATHS = "\"TodoList.Capston/Preview Content\"";
				ENABLE_PREVIEWS = YES;
				GENERATE_INFOPLIST_FILE = YES;
				INFOPLIST_KEY_UIApplicationSceneManifest_Generation = YES;
				INFOPLIST_KEY_UIApplicationSupportsIndirectInputEvents = YES;
				INFOPLIST_KEY_UILaunchScreen_Generation = YES;
				INFOPLIST_KEY_UISupportedInterfaceOrientations_iPad = "UIInterfaceOrientationPortrait UIInterfaceOrientationPortraitUpsideDown UIInterfaceOrientationLandscapeLeft UIInterfaceOrientationLandscapeRight";
				INFOPLIST_KEY_UISupportedInterfaceOrientations_iPhone = "UIInterfaceOrientationPortrait UIInterfaceOrientationLandscapeLeft UIInterfaceOrientationLandscapeRight";
				LD_RUNPATH_SEARCH_PATHS = (
					"$(inherited)",
					"@executable_path/Frameworks",
				);
				MARKETING_VERSION = 1.0;
				PRODUCT_BUNDLE_IDENTIFIER = "-.TodoList-Capston";
				PRODUCT_NAME = "$(TARGET_NAME)";
				SWIFT_EMIT_LOC_STRINGS = YES;
				SWIFT_VERSION = 5.0;
				TARGETED_DEVICE_FAMILY = "1,2";
			};
			name = Release;
		};
/* End XCBuildConfiguration section */

/* Begin XCConfigurationList section */
		82650A8D27379E4A002179E5 /* Build configuration list for PBXProject "TodoList.Capston" */ = {
			isa = XCConfigurationList;
			buildConfigurations = (
				82650A9E27379E4C002179E5 /* Debug */,
				82650A9F27379E4C002179E5 /* Release */,
			);
			defaultConfigurationIsVisible = 0;
			defaultConfigurationName = Release;
		};
		82650AA027379E4C002179E5 /* Build configuration list for PBXNativeTarget "TodoList.Capston" */ = {
			isa = XCConfigurationList;
			buildConfigurations = (
				82650AA127379E4C002179E5 /* Debug */,
				82650AA227379E4C002179E5 /* Release */,
			);
			defaultConfigurationIsVisible = 0;
			defaultConfigurationName = Release;
		};
/* End XCConfigurationList section */

/* Begin XCVersionGroup section */
		828075232738312000B3D4EB /* listdatabace.xcdatamodeld */ = {
			isa = XCVersionGroup;
			children = (
				828075242738312000B3D4EB /* listdatabace.xcdatamodel */,
			);
			currentVersion = 828075242738312000B3D4EB /* listdatabace.xcdatamodel */;
			path = listdatabace.xcdatamodeld;
			sourceTree = "<group>";
			versionGroupType = wrapper.xcdatamodel;
		};
/* End XCVersionGroup section */
	};
	rootObject = 82650A8A27379E4A002179E5 /* Project object */;
}
